<?xml version="1.0" encoding="utf-8"?>
<Project ToolsVersion="4.0" xmlns="http://schemas.microsoft.com/developer/msbuild/2003">
  <ItemGroup>
    <Filter Include="Application">
      <UniqueIdentifier>{D9DE78AF-4594-F1A4-CE88-EB7B3A3DE8A8}</UniqueIdentifier>
    </Filter>
    <Filter Include="Components">
      <UniqueIdentifier>{6B7DD516-5735-1764-C03C-F0BFAC13B254}</UniqueIdentifier>
    </Filter>
    <Filter Include="ECS">
      <UniqueIdentifier>{60E1870B-CCEA-877C-5566-9E7CC16E937C}</UniqueIdentifier>
    </Filter>
    <Filter Include="Factories">
      <UniqueIdentifier>{05F1892C-715B-3EA3-BA99-EF4826431CF8}</UniqueIdentifier>
    </Filter>
    <Filter Include="Math">
      <UniqueIdentifier>{AFF4887C-9B2B-8A0D-4418-7010302E060F}</UniqueIdentifier>
    </Filter>
    <Filter Include="Misc">
      <UniqueIdentifier>{9116897C-7D4D-8A0D-263A-70101250060F}</UniqueIdentifier>
    </Filter>
    <Filter Include="Render">
      <UniqueIdentifier>{C5BB87CE-B15D-B2A4-9A18-C6F8865939F5}</UniqueIdentifier>
    </Filter>
    <Filter Include="Systems">
      <UniqueIdentifier>{1DDE831B-89BD-02B7-92D5-8D8DFE336918}</UniqueIdentifier>
    </Filter>
    <Filter Include="World">
      <UniqueIdentifier>{4D25640E-B939-8CBF-82BB-2F1FEE8E88F0}</UniqueIdentifier>
    </Filter>
    <Filter Include="Physics">
      <UniqueIdentifier>{c977df07-7e49-491f-80a8-8b1800e87ffb}</UniqueIdentifier>
    </Filter>
    <Filter Include="Events">
      <UniqueIdentifier>{a56f50f1-f196-497f-9036-68fa4e1b9d5a}</UniqueIdentifier>
    </Filter>
  </ItemGroup>
  <ItemGroup>
    <ClInclude Include="BehemothCore\Application\ResourceManager.h">
      <Filter>Application</Filter>
    </ClInclude>
    <ClInclude Include="BehemothCore\Application\ThreadPool.h">
      <Filter>Application</Filter>
    </ClInclude>
    <ClInclude Include="BehemothCore\Components\Components.h">
      <Filter>Components</Filter>
    </ClInclude>
    <ClInclude Include="BehemothCore\ECS\Component.h">
      <Filter>ECS</Filter>
    </ClInclude>
    <ClInclude Include="BehemothCore\ECS\ComponentPool.h">
      <Filter>ECS</Filter>
    </ClInclude>
    <ClInclude Include="BehemothCore\ECS\ECSCore.h">
      <Filter>ECS</Filter>
    </ClInclude>
    <ClInclude Include="BehemothCore\ECS\Entity.h">
      <Filter>ECS</Filter>
    </ClInclude>
    <ClInclude Include="BehemothCore\ECS\Generator.h">
      <Filter>ECS</Filter>
    </ClInclude>
    <ClInclude Include="BehemothCore\ECS\Registry.h">
      <Filter>ECS</Filter>
    </ClInclude>
    <ClInclude Include="BehemothCore\ECS\SparseSet.h">
      <Filter>ECS</Filter>
    </ClInclude>
    <ClInclude Include="BehemothCore\ECS\System.h">
      <Filter>ECS</Filter>
    </ClInclude>
    <ClInclude Include="BehemothCore\Factories\CameraFactory.h">
      <Filter>Factories</Filter>
    </ClInclude>
    <ClInclude Include="BehemothCore\Factories\LightFactories.h">
      <Filter>Factories</Filter>
    </ClInclude>
    <ClInclude Include="BehemothCore\Math\MathCore.h">
      <Filter>Math</Filter>
    </ClInclude>
    <ClInclude Include="BehemothCore\Math\Matrix.h">
      <Filter>Math</Filter>
    </ClInclude>
    <ClInclude Include="BehemothCore\Math\Plane.h">
      <Filter>Math</Filter>
    </ClInclude>
    <ClInclude Include="BehemothCore\Math\Vector.h">
      <Filter>Math</Filter>
    </ClInclude>
    <ClInclude Include="BehemothCore\Misc\CameraHelper.h">
      <Filter>Misc</Filter>
    </ClInclude>
    <ClInclude Include="BehemothCore\Misc\Log.h">
      <Filter>Misc</Filter>
    </ClInclude>
    <ClInclude Include="BehemothCore\Misc\Stopwatch.h">
      <Filter>Misc</Filter>
    </ClInclude>
    <ClInclude Include="BehemothCore\Render\Mesh.h">
      <Filter>Render</Filter>
    </ClInclude>
    <ClInclude Include="BehemothCore\Render\MeshLoader.h">
      <Filter>Render</Filter>
    </ClInclude>
    <ClInclude Include="BehemothCore\Render\Primitives.h">
      <Filter>Render</Filter>
    </ClInclude>
    <ClInclude Include="BehemothCore\Render\Renderer.h">
      <Filter>Render</Filter>
    </ClInclude>
    <ClInclude Include="BehemothCore\Systems\CameraSystem.h">
      <Filter>Systems</Filter>
    </ClInclude>
    <ClInclude Include="BehemothCore\Systems\LightingSystem.h">
      <Filter>Systems</Filter>
    </ClInclude>
    <ClInclude Include="BehemothCore\Systems\MeshInitSystem.h">
      <Filter>Systems</Filter>
    </ClInclude>
    <ClInclude Include="BehemothCore\Systems\MovementSystem.h">
      <Filter>Systems</Filter>
    </ClInclude>
    <ClInclude Include="BehemothCore\Systems\RenderSystem.h">
      <Filter>Systems</Filter>
    </ClInclude>
    <ClInclude Include="BehemothCore\Systems\RotationSystem.h">
      <Filter>Systems</Filter>
    </ClInclude>
    <ClInclude Include="BehemothCore\Systems\ScalingSystem.h">
      <Filter>Systems</Filter>
    </ClInclude>
    <ClInclude Include="BehemothCore\Systems\SystemManager.h">
      <Filter>Systems</Filter>
    </ClInclude>
    <ClInclude Include="BehemothCore\World\Scene.h">
      <Filter>World</Filter>
    </ClInclude>
    <ClInclude Include="BehemothCore\World\World.h">
      <Filter>World</Filter>
    </ClInclude>
    <ClInclude Include="BehemothCore\pch.h" />
    <ClInclude Include="BehemothCore\Event\InputMapping.h">
      <Filter>Events</Filter>
    </ClInclude>
    <ClInclude Include="BehemothCore\Event\EventManager.h">
      <Filter>Events</Filter>
    </ClInclude>
    <ClInclude Include="BehemothCore\Event\Event.h">
      <Filter>Events</Filter>
    </ClInclude>
    <ClInclude Include="BehemothCore\Event\WindowEvents.h">
      <Filter>Events</Filter>
    </ClInclude>
    <ClInclude Include="BehemothCore\Event\MouseEvents.h">
      <Filter>Events</Filter>
    </ClInclude>
    <ClInclude Include="BehemothCore\Event\ControllerEvents.h">
      <Filter>Events</Filter>
    </ClInclude>
    <ClInclude Include="BehemothCore\Event\KeyboardEvents.h">
      <Filter>Events</Filter>
    </ClInclude>
  </ItemGroup>
  <ItemGroup>
    <ClCompile Include="BehemothCore\Application\GameLoop.cpp">
      <Filter>Application</Filter>
    </ClCompile>
    <ClCompile Include="BehemothCore\Application\ResourceManager.cpp">
      <Filter>Application</Filter>
    </ClCompile>
    <ClCompile Include="BehemothCore\Application\ThreadPool.cpp">
      <Filter>Application</Filter>
    </ClCompile>
    <ClCompile Include="BehemothCore\Components\Components.cpp">
      <Filter>Components</Filter>
    </ClCompile>
    <ClCompile Include="BehemothCore\Factories\CameraFactory.cpp">
      <Filter>Factories</Filter>
    </ClCompile>
    <ClCompile Include="BehemothCore\Factories\LightFactories.cpp">
      <Filter>Factories</Filter>
    </ClCompile>
    <ClCompile Include="BehemothCore\Math\Matrix.cpp">
      <Filter>Math</Filter>
    </ClCompile>
    <ClCompile Include="BehemothCore\Math\Plane.cpp">
      <Filter>Math</Filter>
    </ClCompile>
    <ClCompile Include="BehemothCore\Math\Vector.cpp">
      <Filter>Math</Filter>
    </ClCompile>
    <ClCompile Include="BehemothCore\Misc\CameraHelper.cpp">
      <Filter>Misc</Filter>
    </ClCompile>
    <ClCompile Include="BehemothCore\Misc\Log.cpp">
      <Filter>Misc</Filter>
    </ClCompile>
    <ClCompile Include="BehemothCore\Render\Mesh.cpp">
      <Filter>Render</Filter>
    </ClCompile>
    <ClCompile Include="BehemothCore\Render\MeshLoader.cpp">
      <Filter>Render</Filter>
    </ClCompile>
    <ClCompile Include="BehemothCore\Render\Primitives.cpp">
      <Filter>Render</Filter>
    </ClCompile>
    <ClCompile Include="BehemothCore\Render\Renderer.cpp">
      <Filter>Render</Filter>
    </ClCompile>
    <ClCompile Include="BehemothCore\Systems\CameraSystem.cpp">
      <Filter>Systems</Filter>
    </ClCompile>
    <ClCompile Include="BehemothCore\Systems\LightingSystem.cpp">
      <Filter>Systems</Filter>
    </ClCompile>
    <ClCompile Include="BehemothCore\Systems\MeshInitSystem.cpp">
      <Filter>Systems</Filter>
    </ClCompile>
    <ClCompile Include="BehemothCore\Systems\MovementSystem.cpp">
      <Filter>Systems</Filter>
    </ClCompile>
    <ClCompile Include="BehemothCore\Systems\RenderSystem.cpp">
      <Filter>Systems</Filter>
    </ClCompile>
    <ClCompile Include="BehemothCore\Systems\RotationSystem.cpp">
      <Filter>Systems</Filter>
    </ClCompile>
    <ClCompile Include="BehemothCore\Systems\ScalingSystem.cpp">
      <Filter>Systems</Filter>
    </ClCompile>
    <ClCompile Include="BehemothCore\World\World.cpp">
      <Filter>World</Filter>
    </ClCompile>
    <ClCompile Include="BehemothCore\pch.cpp" />
    <ClCompile Include="BehemothCore\Event\EventManager.cpp">
      <Filter>Events</Filter>
    </ClCompile>
  </ItemGroup>
</Project>