<?xml version="1.0" encoding="utf-8"?>
<Project ToolsVersion="4.0" xmlns="http://schemas.microsoft.com/developer/msbuild/2003">
  <ItemGroup>
    <Filter Include="Audio">
      <UniqueIdentifier>{9718D90C-032D-01BE-CCAE-A41D3882FDEE}</UniqueIdentifier>
    </Filter>
    <Filter Include="Components">
      <UniqueIdentifier>{6B7DD516-5735-1764-C03C-F0BFAC13B254}</UniqueIdentifier>
    </Filter>
    <Filter Include="Core">
      <UniqueIdentifier>{2EB4837C-1AEB-840D-C3D7-6A10AFED000F}</UniqueIdentifier>
    </Filter>
    <Filter Include="ECS">
      <UniqueIdentifier>{60E1870B-CCEA-877C-5566-9E7CC16E937C}</UniqueIdentifier>
    </Filter>
    <Filter Include="Event">
      <UniqueIdentifier>{E70B220D-5320-4ABE-1CA2-ED1D887546EF}</UniqueIdentifier>
    </Filter>
    <Filter Include="Factories">
      <UniqueIdentifier>{05F1892C-715B-3EA3-BA99-EF4826431CF8}</UniqueIdentifier>
    </Filter>
    <Filter Include="Geometry">
      <UniqueIdentifier>{31B8896B-1D85-E476-469E-D21E32CA1905}</UniqueIdentifier>
    </Filter>
    <Filter Include="Input">
      <UniqueIdentifier>{953A660D-014F-8EBE-CAD0-311E36A48AEF}</UniqueIdentifier>
    </Filter>
    <Filter Include="Math">
      <UniqueIdentifier>{AFF4887C-9B2B-8A0D-4418-7010302E060F}</UniqueIdentifier>
    </Filter>
    <Filter Include="Misc">
      <UniqueIdentifier>{9116897C-7D4D-8A0D-263A-70101250060F}</UniqueIdentifier>
    </Filter>
    <Filter Include="Physics">
      <UniqueIdentifier>{888B590D-F46A-D8A8-FD82-637F69E13E0A}</UniqueIdentifier>
    </Filter>
    <Filter Include="Physics\Collision">
      <UniqueIdentifier>{A3CA7CA8-0FE1-7A3E-5858-0660C4AD4BC6}</UniqueIdentifier>
    </Filter>
    <Filter Include="Renderer">
      <UniqueIdentifier>{7CCE658F-689B-C09A-91B4-AE427DE0F528}</UniqueIdentifier>
    </Filter>
    <Filter Include="Systems">
      <UniqueIdentifier>{1DDE831B-89BD-02B7-92D5-8D8DFE336918}</UniqueIdentifier>
    </Filter>
    <Filter Include="Systems\Physics">
      <UniqueIdentifier>{8FAE4A74-FB39-B838-044B-3B2D70551439}</UniqueIdentifier>
    </Filter>
    <Filter Include="Systems\Render">
      <UniqueIdentifier>{EC19CD6C-D8E7-C072-C17B-3199ADE89CD7}</UniqueIdentifier>
    </Filter>
    <Filter Include="Systems\Transform">
      <UniqueIdentifier>{28BECB7B-94D4-C911-DD4B-553349A19A99}</UniqueIdentifier>
    </Filter>
    <Filter Include="Systems\UI">
      <UniqueIdentifier>{2AD86F8A-1690-B1D7-7F97-8A336B6E4CC8}</UniqueIdentifier>
    </Filter>
    <Filter Include="UI">
      <UniqueIdentifier>{83755900-6F01-880B-D8AF-880BC45A880B}</UniqueIdentifier>
    </Filter>
    <Filter Include="World">
      <UniqueIdentifier>{4D25640E-B939-8CBF-82BB-2F1FEE8E88F0}</UniqueIdentifier>
    </Filter>
  </ItemGroup>
  <ItemGroup>
    <ClInclude Include="BehemothCore\Audio\SoundClip.h">
      <Filter>Audio</Filter>
    </ClInclude>
    <ClInclude Include="BehemothCore\BehemothEngine.h" />
    <ClInclude Include="BehemothCore\Components\AudioComponents.h">
      <Filter>Components</Filter>
    </ClInclude>
    <ClInclude Include="BehemothCore\Components\Components.h">
      <Filter>Components</Filter>
    </ClInclude>
    <ClInclude Include="BehemothCore\Components\LightComponents.h">
      <Filter>Components</Filter>
    </ClInclude>
    <ClInclude Include="BehemothCore\Components\PhysicsComponents.h">
      <Filter>Components</Filter>
    </ClInclude>
    <ClInclude Include="BehemothCore\Components\RenderComponents.h">
      <Filter>Components</Filter>
    </ClInclude>
    <ClInclude Include="BehemothCore\Components\UIComponents.h">
      <Filter>Components</Filter>
    </ClInclude>
    <ClInclude Include="BehemothCore\Core\Log.h">
      <Filter>Core</Filter>
    </ClInclude>
    <ClInclude Include="BehemothCore\Core\ResourceManager.h">
      <Filter>Core</Filter>
    </ClInclude>
    <ClInclude Include="BehemothCore\Core\Stopwatch.h">
      <Filter>Core</Filter>
    </ClInclude>
    <ClInclude Include="BehemothCore\Core\ThreadPool.h">
      <Filter>Core</Filter>
    </ClInclude>
    <ClInclude Include="BehemothCore\ECS\Component.h">
      <Filter>ECS</Filter>
    </ClInclude>
    <ClInclude Include="BehemothCore\ECS\ComponentPool.h">
      <Filter>ECS</Filter>
    </ClInclude>
    <ClInclude Include="BehemothCore\ECS\Entity.h">
      <Filter>ECS</Filter>
    </ClInclude>
    <ClInclude Include="BehemothCore\ECS\Generator.h">
      <Filter>ECS</Filter>
    </ClInclude>
    <ClInclude Include="BehemothCore\ECS\Page.h">
      <Filter>ECS</Filter>
    </ClInclude>
    <ClInclude Include="BehemothCore\ECS\Registry.h">
      <Filter>ECS</Filter>
    </ClInclude>
    <ClInclude Include="BehemothCore\ECS\SparseSet.h">
      <Filter>ECS</Filter>
    </ClInclude>
    <ClInclude Include="BehemothCore\ECS\System.h">
      <Filter>ECS</Filter>
    </ClInclude>
    <ClInclude Include="BehemothCore\Event\Event.h">
      <Filter>Event</Filter>
    </ClInclude>
    <ClInclude Include="BehemothCore\Event\EventManager.h">
      <Filter>Event</Filter>
    </ClInclude>
    <ClInclude Include="BehemothCore\Event\KeyboardEvents.h">
      <Filter>Event</Filter>
    </ClInclude>
    <ClInclude Include="BehemothCore\Event\MouseEvents.h">
      <Filter>Event</Filter>
    </ClInclude>
    <ClInclude Include="BehemothCore\Event\WindowEvents.h">
      <Filter>Event</Filter>
    </ClInclude>
    <ClInclude Include="BehemothCore\Factories\CameraFactory.h">
      <Filter>Factories</Filter>
    </ClInclude>
    <ClInclude Include="BehemothCore\Factories\GameObjectFactory.h">
      <Filter>Factories</Filter>
    </ClInclude>
    <ClInclude Include="BehemothCore\Factories\LightFactory.h">
      <Filter>Factories</Filter>
    </ClInclude>
    <ClInclude Include="BehemothCore\Factories\SkySphereFactory.h">
      <Filter>Factories</Filter>
    </ClInclude>
    <ClInclude Include="BehemothCore\Geometry\Line.h">
      <Filter>Geometry</Filter>
    </ClInclude>
    <ClInclude Include="BehemothCore\Geometry\Mesh.h">
      <Filter>Geometry</Filter>
    </ClInclude>
    <ClInclude Include="BehemothCore\Geometry\MeshLoader.h">
      <Filter>Geometry</Filter>
    </ClInclude>
    <ClInclude Include="BehemothCore\Geometry\Plane.h">
      <Filter>Geometry</Filter>
    </ClInclude>
    <ClInclude Include="BehemothCore\Geometry\Primitives.h">
      <Filter>Geometry</Filter>
    </ClInclude>
    <ClInclude Include="BehemothCore\Geometry\VertexData.h">
      <Filter>Geometry</Filter>
    </ClInclude>
    <ClInclude Include="BehemothCore\Input\Input.h">
      <Filter>Input</Filter>
    </ClInclude>
    <ClInclude Include="BehemothCore\Input\InputCodes.h">
      <Filter>Input</Filter>
    </ClInclude>
    <ClInclude Include="BehemothCore\Input\InputMapping.h">
      <Filter>Input</Filter>
    </ClInclude>
    <ClInclude Include="BehemothCore\Math\MathCore.h">
      <Filter>Math</Filter>
    </ClInclude>
    <ClInclude Include="BehemothCore\Math\MathDefines.h">
      <Filter>Math</Filter>
    </ClInclude>
    <ClInclude Include="BehemothCore\Math\Matrix.h">
      <Filter>Math</Filter>
    </ClInclude>
    <ClInclude Include="BehemothCore\Math\Quaternion.h">
      <Filter>Math</Filter>
    </ClInclude>
    <ClInclude Include="BehemothCore\Math\Vector.h">
      <Filter>Math</Filter>
    </ClInclude>
    <ClInclude Include="BehemothCore\Misc\BColors.h">
      <Filter>Misc</Filter>
    </ClInclude>
    <ClInclude Include="BehemothCore\Misc\CameraHelper.h">
      <Filter>Misc</Filter>
    </ClInclude>
    <ClInclude Include="BehemothCore\Misc\TransformHelper.h">
      <Filter>Misc</Filter>
    </ClInclude>
    <ClInclude Include="BehemothCore\Physics\BoundingGenerator.h">
      <Filter>Physics</Filter>
    </ClInclude>
    <ClInclude Include="BehemothCore\Physics\Collision\BroadCollision.h">
      <Filter>Physics\Collision</Filter>
    </ClInclude>
    <ClInclude Include="BehemothCore\Physics\Collision\ColliderHelper.h">
      <Filter>Physics\Collision</Filter>
    </ClInclude>
    <ClInclude Include="BehemothCore\Physics\Collision\Colliders.h">
      <Filter>Physics\Collision</Filter>
    </ClInclude>
    <ClInclude Include="BehemothCore\Physics\Collision\CollisionData.h">
      <Filter>Physics\Collision</Filter>
    </ClInclude>
    <ClInclude Include="BehemothCore\Physics\Collision\CollisionMask.h">
      <Filter>Physics\Collision</Filter>
    </ClInclude>
    <ClInclude Include="BehemothCore\Physics\Collision\NarrowCollision.h">
      <Filter>Physics\Collision</Filter>
    </ClInclude>
    <ClInclude Include="BehemothCore\Physics\Collision\PhysicsMaterial.h">
      <Filter>Physics\Collision</Filter>
    </ClInclude>
    <ClInclude Include="BehemothCore\Physics\ProjectileMotion.h">
      <Filter>Physics</Filter>
    </ClInclude>
    <ClInclude Include="BehemothCore\Physics\Ray.h">
      <Filter>Physics</Filter>
    </ClInclude>
    <ClInclude Include="BehemothCore\Renderer\Renderer.h">
      <Filter>Renderer</Filter>
    </ClInclude>
    <ClInclude Include="BehemothCore\Systems\AudioSystem.h">
      <Filter>Systems</Filter>
    </ClInclude>
    <ClInclude Include="BehemothCore\Systems\CameraSystem.h">
      <Filter>Systems</Filter>
    </ClInclude>
    <ClInclude Include="BehemothCore\Systems\LightingSystem.h">
      <Filter>Systems</Filter>
    </ClInclude>
    <ClInclude Include="BehemothCore\Systems\MeshInitSystem.h">
      <Filter>Systems</Filter>
    </ClInclude>
    <ClInclude Include="BehemothCore\Systems\Physics\BroadCollisionSystem.h">
      <Filter>Systems\Physics</Filter>
    </ClInclude>
    <ClInclude Include="BehemothCore\Systems\Physics\CollisionResolutionSystem.h">
      <Filter>Systems\Physics</Filter>
    </ClInclude>
    <ClInclude Include="BehemothCore\Systems\Physics\NarrowCollisionSystem.h">
      <Filter>Systems\Physics</Filter>
    </ClInclude>
    <ClInclude Include="BehemothCore\Systems\Physics\RigidBodySystem.h">
      <Filter>Systems\Physics</Filter>
    </ClInclude>
    <ClInclude Include="BehemothCore\Systems\Physics\VelocitySystem.h">
      <Filter>Systems\Physics</Filter>
    </ClInclude>
    <ClInclude Include="BehemothCore\Systems\Render\BoundingVolumeRenderSystem.h">
      <Filter>Systems\Render</Filter>
    </ClInclude>
    <ClInclude Include="BehemothCore\Systems\Render\DebugLineSystem.h">
      <Filter>Systems\Render</Filter>
    </ClInclude>
    <ClInclude Include="BehemothCore\Systems\Render\MeshRenderSystem.h">
      <Filter>Systems\Render</Filter>
    </ClInclude>
    <ClInclude Include="BehemothCore\Systems\Render\RenderSystem.h">
      <Filter>Systems\Render</Filter>
    </ClInclude>
    <ClInclude Include="BehemothCore\Systems\Render\SkySphereSystem.h">
      <Filter>Systems\Render</Filter>
    </ClInclude>
    <ClInclude Include="BehemothCore\Systems\Render\WireframeRenderSystem.h">
      <Filter>Systems\Render</Filter>
    </ClInclude>
    <ClInclude Include="BehemothCore\Systems\SystemHeaders.h">
      <Filter>Systems</Filter>
    </ClInclude>
    <ClInclude Include="BehemothCore\Systems\SystemManager.h">
      <Filter>Systems</Filter>
    </ClInclude>
    <ClInclude Include="BehemothCore\Systems\TimerSystem.h">
      <Filter>Systems</Filter>
    </ClInclude>
    <ClInclude Include="BehemothCore\Systems\Transform\MovementSystem.h">
      <Filter>Systems\Transform</Filter>
    </ClInclude>
    <ClInclude Include="BehemothCore\Systems\Transform\RotationSystem.h">
      <Filter>Systems\Transform</Filter>
    </ClInclude>
    <ClInclude Include="BehemothCore\Systems\Transform\ScalingSystem.h">
      <Filter>Systems\Transform</Filter>
    </ClInclude>
    <ClInclude Include="BehemothCore\Systems\UI\ImageSystem.h">
      <Filter>Systems\UI</Filter>
    </ClInclude>
    <ClInclude Include="BehemothCore\Systems\UI\TextSystem.h">
      <Filter>Systems\UI</Filter>
    </ClInclude>
    <ClInclude Include="BehemothCore\UI\Image.h">
      <Filter>UI</Filter>
    </ClInclude>
    <ClInclude Include="BehemothCore\UI\Text.h">
      <Filter>UI</Filter>
    </ClInclude>
    <ClInclude Include="BehemothCore\World\Scene.h">
      <Filter>World</Filter>
    </ClInclude>
    <ClInclude Include="BehemothCore\World\World.h">
      <Filter>World</Filter>
    </ClInclude>
    <ClInclude Include="BehemothCore\pch.h" />
    <ClInclude Include="BehemothCore\Physics\BVH.h">
      <Filter>Physics\Collision</Filter>
    </ClInclude>
    <ClInclude Include="BehemothCore\Systems\Transform\TransformSystem.h" />
    <ClInclude Include="BehemothCore\Misc\GameObjectHelper.h" />
  </ItemGroup>
  <ItemGroup>
    <ClCompile Include="BehemothCore\Audio\SoundClip.cpp">
      <Filter>Audio</Filter>
    </ClCompile>
    <ClCompile Include="BehemothCore\Core\GameLoop.cpp">
      <Filter>Core</Filter>
    </ClCompile>
    <ClCompile Include="BehemothCore\Core\Log.cpp">
      <Filter>Core</Filter>
    </ClCompile>
    <ClCompile Include="BehemothCore\Core\ResourceManager.cpp">
      <Filter>Core</Filter>
    </ClCompile>
    <ClCompile Include="BehemothCore\Core\ThreadPool.cpp">
      <Filter>Core</Filter>
    </ClCompile>
    <ClCompile Include="BehemothCore\Event\EventManager.cpp">
      <Filter>Event</Filter>
    </ClCompile>
    <ClCompile Include="BehemothCore\Factories\CameraFactory.cpp">
      <Filter>Factories</Filter>
    </ClCompile>
    <ClCompile Include="BehemothCore\Factories\GameObjectFactory.cpp">
      <Filter>Factories</Filter>
    </ClCompile>
    <ClCompile Include="BehemothCore\Factories\LightFactory.cpp">
      <Filter>Factories</Filter>
    </ClCompile>
    <ClCompile Include="BehemothCore\Factories\SkySphereFactory.cpp">
      <Filter>Factories</Filter>
    </ClCompile>
    <ClCompile Include="BehemothCore\Geometry\Mesh.cpp">
      <Filter>Geometry</Filter>
    </ClCompile>
    <ClCompile Include="BehemothCore\Geometry\MeshLoader.cpp">
      <Filter>Geometry</Filter>
    </ClCompile>
    <ClCompile Include="BehemothCore\Geometry\Plane.cpp">
      <Filter>Geometry</Filter>
    </ClCompile>
    <ClCompile Include="BehemothCore\Geometry\Primitives.cpp">
      <Filter>Geometry</Filter>
    </ClCompile>
    <ClCompile Include="BehemothCore\Input\Input.cpp">
      <Filter>Input</Filter>
    </ClCompile>
    <ClCompile Include="BehemothCore\Math\Quaternion.cpp">
      <Filter>Math</Filter>
    </ClCompile>
    <ClCompile Include="BehemothCore\Math\Vector.cpp">
      <Filter>Math</Filter>
    </ClCompile>
    <ClCompile Include="BehemothCore\Misc\CameraHelper.cpp">
      <Filter>Misc</Filter>
    </ClCompile>
    <ClCompile Include="BehemothCore\Misc\TransformHelper.cpp">
      <Filter>Misc</Filter>
    </ClCompile>
    <ClCompile Include="BehemothCore\Physics\BoundingGenerator.cpp">
      <Filter>Physics</Filter>
    </ClCompile>
    <ClCompile Include="BehemothCore\Physics\Collision\BroadCollision.cpp">
      <Filter>Physics\Collision</Filter>
    </ClCompile>
    <ClCompile Include="BehemothCore\Physics\Collision\NarrowCollision.cpp">
      <Filter>Physics\Collision</Filter>
    </ClCompile>
    <ClCompile Include="BehemothCore\Physics\ProjectileMotion.cpp">
      <Filter>Physics</Filter>
    </ClCompile>
    <ClCompile Include="BehemothCore\Physics\Ray.cpp">
      <Filter>Physics</Filter>
    </ClCompile>
    <ClCompile Include="BehemothCore\Renderer\Renderer.cpp">
      <Filter>Renderer</Filter>
    </ClCompile>
    <ClCompile Include="BehemothCore\Systems\AudioSystem.cpp">
      <Filter>Systems</Filter>
    </ClCompile>
    <ClCompile Include="BehemothCore\Systems\CameraSystem.cpp">
      <Filter>Systems</Filter>
    </ClCompile>
    <ClCompile Include="BehemothCore\Systems\LightingSystem.cpp">
      <Filter>Systems</Filter>
    </ClCompile>
    <ClCompile Include="BehemothCore\Systems\MeshInitSystem.cpp">
      <Filter>Systems</Filter>
    </ClCompile>
    <ClCompile Include="BehemothCore\Systems\Physics\BroadCollisionSystem.cpp">
      <Filter>Systems\Physics</Filter>
    </ClCompile>
    <ClCompile Include="BehemothCore\Systems\Physics\CollisionResolutionSystem.cpp">
      <Filter>Systems\Physics</Filter>
    </ClCompile>
    <ClCompile Include="BehemothCore\Systems\Physics\NarrowCollisionSystem.cpp">
      <Filter>Systems\Physics</Filter>
    </ClCompile>
    <ClCompile Include="BehemothCore\Systems\Physics\RigidBodySystem.cpp">
      <Filter>Systems\Physics</Filter>
    </ClCompile>
    <ClCompile Include="BehemothCore\Systems\Physics\VelocitySystem.cpp">
      <Filter>Systems\Physics</Filter>
    </ClCompile>
    <ClCompile Include="BehemothCore\Systems\Render\BoundingVolumeRenderSystem.cpp">
      <Filter>Systems\Render</Filter>
    </ClCompile>
    <ClCompile Include="BehemothCore\Systems\Render\DebugLineSystem.cpp">
      <Filter>Systems\Render</Filter>
    </ClCompile>
    <ClCompile Include="BehemothCore\Systems\Render\MeshRenderSystem.cpp">
      <Filter>Systems\Render</Filter>
    </ClCompile>
    <ClCompile Include="BehemothCore\Systems\Render\RenderSystem.cpp">
      <Filter>Systems\Render</Filter>
    </ClCompile>
    <ClCompile Include="BehemothCore\Systems\Render\SkySphereSystem.cpp">
      <Filter>Systems\Render</Filter>
    </ClCompile>
    <ClCompile Include="BehemothCore\Systems\Render\WireframeRenderSystem.cpp">
      <Filter>Systems\Render</Filter>
    </ClCompile>
    <ClCompile Include="BehemothCore\Systems\TimerSystem.cpp">
      <Filter>Systems</Filter>
    </ClCompile>
    <ClCompile Include="BehemothCore\Systems\Transform\MovementSystem.cpp">
      <Filter>Systems\Transform</Filter>
    </ClCompile>
    <ClCompile Include="BehemothCore\Systems\Transform\RotationSystem.cpp">
      <Filter>Systems\Transform</Filter>
    </ClCompile>
    <ClCompile Include="BehemothCore\Systems\Transform\ScalingSystem.cpp">
      <Filter>Systems\Transform</Filter>
    </ClCompile>
    <ClCompile Include="BehemothCore\Systems\UI\ImageSystem.cpp">
      <Filter>Systems\UI</Filter>
    </ClCompile>
    <ClCompile Include="BehemothCore\Systems\UI\TextSystem.cpp">
      <Filter>Systems\UI</Filter>
    </ClCompile>
    <ClCompile Include="BehemothCore\UI\Image.cpp">
      <Filter>UI</Filter>
    </ClCompile>
    <ClCompile Include="BehemothCore\UI\Text.cpp">
      <Filter>UI</Filter>
    </ClCompile>
    <ClCompile Include="BehemothCore\World\Scene.cpp">
      <Filter>World</Filter>
    </ClCompile>
    <ClCompile Include="BehemothCore\World\World.cpp">
      <Filter>World</Filter>
    </ClCompile>
    <ClCompile Include="BehemothCore\pch.cpp" />
    <ClCompile Include="BehemothCore\Physics\BVH.cpp">
      <Filter>Physics\Collision</Filter>
    </ClCompile>
    <ClCompile Include="BehemothCore\Systems\Transform\TransformSystem.cpp" />
    <ClCompile Include="BehemothCore\Misc\GameObjectHelper.cpp" />
  </ItemGroup>
</Project>