
Microsoft Visual Studio Solution File, Format Version 12.00
# Visual Studio Version 16
Project("{2150E333-8FDC-42A3-9474-1A3956D46DE8}") = "Engine", "Engine", "{8249BEE1-6EAC-4D86-1732-863C03741909}"
EndProject
Project("{8BC9CEB8-8B4A-11D0-8D11-00A0C91BC942}") = "NextEntry", "Source\EntryPoint\NextEntry.vcxproj", "{36C201CF-A22C-B645-EB6A-67EB5714949A}"
EndProject
Project("{8BC9CEB8-8B4A-11D0-8D11-00A0C91BC942}") = "Engine", "Source\Engine\Engine.vcxproj", "{DBC7D3B0-C769-FE86-B024-12DB9C6585D7}"
EndProject
Project("{2150E333-8FDC-42A3-9474-1A3956D46DE8}") = "Game", "Game", "{6695C55D-524D-07AB-BB54-E006A72BA29B}"
EndProject
Project("{8BC9CEB8-8B4A-11D0-8D11-00A0C91BC942}") = "NewProject", "Source\Games\NewProject\NewProject.vcxproj", "{4630CC58-32E8-0DA6-9BEF-E60187C6A896}"
EndProject
Project("{2150E333-8FDC-42A3-9474-1A3956D46DE8}") = "Tests", "Tests", "{1FCE6517-8B83-DE0C-1478-D8E3802CD510}"
EndProject
Project("{8BC9CEB8-8B4A-11D0-8D11-00A0C91BC942}") = "BehemothTests", "Source\Tests\BehemothTests\BehemothTests.vcxproj", "{245D01DD-901D-7D13-5958-C690C5D7C1EF}"
EndProject
Project("{2150E333-8FDC-42A3-9474-1A3956D46DE8}") = "Vendor", "Vendor", "{3AE1C608-2644-56AD-CFC9-8E63BB0B2230}"
EndProject
Project("{8BC9CEB8-8B4A-11D0-8D11-00A0C91BC942}") = "NextAPI", "Source\NextAPI\NextAPI.vcxproj", "{3E5F536C-AA3E-D207-B356-5DDE1FB53869}"
EndProject
Global
	GlobalSection(SolutionConfigurationPlatforms) = preSolution
		Debug|x64 = Debug|x64
		Dist|x64 = Dist|x64
		Release|x64 = Release|x64
	EndGlobalSection
	GlobalSection(ProjectConfigurationPlatforms) = postSolution
		{36C201CF-A22C-B645-EB6A-67EB5714949A}.Debug|x64.ActiveCfg = Debug|x64
		{36C201CF-A22C-B645-EB6A-67EB5714949A}.Debug|x64.Build.0 = Debug|x64
		{36C201CF-A22C-B645-EB6A-67EB5714949A}.Dist|x64.ActiveCfg = Dist|x64
		{36C201CF-A22C-B645-EB6A-67EB5714949A}.Dist|x64.Build.0 = Dist|x64
		{36C201CF-A22C-B645-EB6A-67EB5714949A}.Release|x64.ActiveCfg = Release|x64
		{36C201CF-A22C-B645-EB6A-67EB5714949A}.Release|x64.Build.0 = Release|x64
		{DBC7D3B0-C769-FE86-B024-12DB9C6585D7}.Debug|x64.ActiveCfg = Debug|x64
		{DBC7D3B0-C769-FE86-B024-12DB9C6585D7}.Debug|x64.Build.0 = Debug|x64
		{DBC7D3B0-C769-FE86-B024-12DB9C6585D7}.Dist|x64.ActiveCfg = Dist|x64
		{DBC7D3B0-C769-FE86-B024-12DB9C6585D7}.Dist|x64.Build.0 = Dist|x64
		{DBC7D3B0-C769-FE86-B024-12DB9C6585D7}.Release|x64.ActiveCfg = Release|x64
		{DBC7D3B0-C769-FE86-B024-12DB9C6585D7}.Release|x64.Build.0 = Release|x64
		{4630CC58-32E8-0DA6-9BEF-E60187C6A896}.Debug|x64.ActiveCfg = Debug|x64
		{4630CC58-32E8-0DA6-9BEF-E60187C6A896}.Debug|x64.Build.0 = Debug|x64
		{4630CC58-32E8-0DA6-9BEF-E60187C6A896}.Dist|x64.ActiveCfg = Dist|x64
		{4630CC58-32E8-0DA6-9BEF-E60187C6A896}.Dist|x64.Build.0 = Dist|x64
		{4630CC58-32E8-0DA6-9BEF-E60187C6A896}.Release|x64.ActiveCfg = Release|x64
		{4630CC58-32E8-0DA6-9BEF-E60187C6A896}.Release|x64.Build.0 = Release|x64
		{245D01DD-901D-7D13-5958-C690C5D7C1EF}.Debug|x64.ActiveCfg = Debug|x64
		{245D01DD-901D-7D13-5958-C690C5D7C1EF}.Debug|x64.Build.0 = Debug|x64
		{245D01DD-901D-7D13-5958-C690C5D7C1EF}.Dist|x64.ActiveCfg = Dist|x64
		{245D01DD-901D-7D13-5958-C690C5D7C1EF}.Dist|x64.Build.0 = Dist|x64
		{245D01DD-901D-7D13-5958-C690C5D7C1EF}.Release|x64.ActiveCfg = Release|x64
		{245D01DD-901D-7D13-5958-C690C5D7C1EF}.Release|x64.Build.0 = Release|x64
		{3E5F536C-AA3E-D207-B356-5DDE1FB53869}.Debug|x64.ActiveCfg = Debug|x64
		{3E5F536C-AA3E-D207-B356-5DDE1FB53869}.Debug|x64.Build.0 = Debug|x64
		{3E5F536C-AA3E-D207-B356-5DDE1FB53869}.Dist|x64.ActiveCfg = Dist|x64
		{3E5F536C-AA3E-D207-B356-5DDE1FB53869}.Dist|x64.Build.0 = Dist|x64
		{3E5F536C-AA3E-D207-B356-5DDE1FB53869}.Release|x64.ActiveCfg = Release|x64
		{3E5F536C-AA3E-D207-B356-5DDE1FB53869}.Release|x64.Build.0 = Release|x64
	EndGlobalSection
	GlobalSection(SolutionProperties) = preSolution
		HideSolutionNode = FALSE
	EndGlobalSection
	GlobalSection(NestedProjects) = preSolution
		{36C201CF-A22C-B645-EB6A-67EB5714949A} = {8249BEE1-6EAC-4D86-1732-863C03741909}
		{DBC7D3B0-C769-FE86-B024-12DB9C6585D7} = {8249BEE1-6EAC-4D86-1732-863C03741909}
		{4630CC58-32E8-0DA6-9BEF-E60187C6A896} = {6695C55D-524D-07AB-BB54-E006A72BA29B}
		{245D01DD-901D-7D13-5958-C690C5D7C1EF} = {1FCE6517-8B83-DE0C-1478-D8E3802CD510}
		{3E5F536C-AA3E-D207-B356-5DDE1FB53869} = {3AE1C608-2644-56AD-CFC9-8E63BB0B2230}
	EndGlobalSection
EndGlobal
