<?xml version="1.0" encoding="utf-8"?>
<Project ToolsVersion="4.0" xmlns="http://schemas.microsoft.com/developer/msbuild/2003">
  <ItemGroup>
    <Filter Include="App">
      <UniqueIdentifier>{46D6870B-B2DF-877C-3B5B-9E7CA763937C}</UniqueIdentifier>
    </Filter>
    <Filter Include="glut">
      <UniqueIdentifier>{8165977C-6D9C-980D-1689-7E10029F140F}</UniqueIdentifier>
    </Filter>
    <Filter Include="glut\include">
      <UniqueIdentifier>{F47D6EE9-E0E0-FD8D-8966-364475A8C910}</UniqueIdentifier>
    </Filter>
    <Filter Include="glut\include\GL">
      <UniqueIdentifier>{D6FABFDF-4286-2DA4-4B97-B098B7A189A4}</UniqueIdentifier>
    </Filter>
    <Filter Include="stb_image">
      <UniqueIdentifier>{3096E6B0-9C00-9B27-E53E-4CCD51E8787C}</UniqueIdentifier>
    </Filter>
  </ItemGroup>
  <ItemGroup>
    <ClInclude Include="App\AppSettings.h">
      <Filter>App</Filter>
    </ClInclude>
    <ClInclude Include="App\DirectSound.h">
      <Filter>App</Filter>
    </ClInclude>
    <ClInclude Include="App\SimpleController.h">
      <Filter>App</Filter>
    </ClInclude>
    <ClInclude Include="App\SimpleSound.h">
      <Filter>App</Filter>
    </ClInclude>
    <ClInclude Include="App\SimpleSprite.h">
      <Filter>App</Filter>
    </ClInclude>
    <ClInclude Include="App\app.h">
      <Filter>App</Filter>
    </ClInclude>
    <ClInclude Include="App\main.h">
      <Filter>App</Filter>
    </ClInclude>
    <ClInclude Include="App\mydirectsound.h">
      <Filter>App</Filter>
    </ClInclude>
    <ClInclude Include="glut\include\GL\freeglut.h">
      <Filter>glut\include\GL</Filter>
    </ClInclude>
    <ClInclude Include="glut\include\GL\freeglut_ext.h">
      <Filter>glut\include\GL</Filter>
    </ClInclude>
    <ClInclude Include="glut\include\GL\freeglut_std.h">
      <Filter>glut\include\GL</Filter>
    </ClInclude>
    <ClInclude Include="glut\include\GL\glut.h">
      <Filter>glut\include\GL</Filter>
    </ClInclude>
    <ClInclude Include="stb_image\stb_image.h">
      <Filter>stb_image</Filter>
    </ClInclude>
    <ClInclude Include="stdafx.h" />
    <ClInclude Include="targetver.h" />
  </ItemGroup>
  <ItemGroup>
    <ClCompile Include="App\DirectSound.cpp">
      <Filter>App</Filter>
    </ClCompile>
    <ClCompile Include="App\SimpleController.cpp">
      <Filter>App</Filter>
    </ClCompile>
    <ClCompile Include="App\SimpleSound.cpp">
      <Filter>App</Filter>
    </ClCompile>
    <ClCompile Include="App\SimpleSprite.cpp">
      <Filter>App</Filter>
    </ClCompile>
    <ClCompile Include="App\app.cpp">
      <Filter>App</Filter>
    </ClCompile>
    <ClCompile Include="App\main.cpp">
      <Filter>App</Filter>
    </ClCompile>
    <ClCompile Include="stb_image\stb_image.cpp">
      <Filter>stb_image</Filter>
    </ClCompile>
    <ClCompile Include="stdafx.cpp" />
  </ItemGroup>
</Project>