<?xml version="1.0" encoding="utf-8"?>
<Project ToolsVersion="4.0" xmlns="http://schemas.microsoft.com/developer/msbuild/2003">
  <ItemGroup>
    <Filter Include="App">
      <UniqueIdentifier>{46D6870B-B2DF-877C-3B5B-9E7CA763937C}</UniqueIdentifier>
    </Filter>
    <Filter Include="glut">
      <UniqueIdentifier>{8165977C-6D9C-980D-1689-7E10029F140F}</UniqueIdentifier>
    </Filter>
    <Filter Include="glut\include">
      <UniqueIdentifier>{F47D6EE9-E0E0-FD8D-8966-364475A8C910}</UniqueIdentifier>
    </Filter>
    <Filter Include="glut\include\GL">
      <UniqueIdentifier>{D6FABFDF-4286-2DA4-4B97-B098B7A189A4}</UniqueIdentifier>
    </Filter>
    <Filter Include="packages">
      <UniqueIdentifier>{245A07F2-1027-62FD-3940-50A5256C978B}</UniqueIdentifier>
    </Filter>
    <Filter Include="packages\Microsoft.googletest.v140.windesktop.msvcstl.static.rt-dyn.1.8.1.7">
      <UniqueIdentifier>{48A36807-B4B8-D65D-3D75-B0BEA9891AED}</UniqueIdentifier>
    </Filter>
    <Filter Include="packages\Microsoft.googletest.v140.windesktop.msvcstl.static.rt-dyn.1.8.1.7\build">
      <UniqueIdentifier>{87C54965-F33B-C556-3C7B-E62CA8302109}</UniqueIdentifier>
    </Filter>
    <Filter Include="packages\Microsoft.googletest.v140.windesktop.msvcstl.static.rt-dyn.1.8.1.7\build\native">
      <UniqueIdentifier>{5DB756E2-493C-57FF-724F-81185E33C4E6}</UniqueIdentifier>
    </Filter>
    <Filter Include="packages\Microsoft.googletest.v140.windesktop.msvcstl.static.rt-dyn.1.8.1.7\build\native\include">
      <UniqueIdentifier>{D0EBDF18-BC9C-DCC2-E5C8-574AD1D885F5}</UniqueIdentifier>
    </Filter>
    <Filter Include="packages\Microsoft.googletest.v140.windesktop.msvcstl.static.rt-dyn.1.8.1.7\build\native\include\gtest">
      <UniqueIdentifier>{263261BA-12E4-D1F1-FBCA-1140E71BFFB5}</UniqueIdentifier>
    </Filter>
    <Filter Include="packages\Microsoft.googletest.v140.windesktop.msvcstl.static.rt-dyn.1.8.1.7\build\native\include\gtest\internal">
      <UniqueIdentifier>{329FC414-9E3A-4AB2-A7F7-6AA31312101B}</UniqueIdentifier>
    </Filter>
    <Filter Include="packages\Microsoft.googletest.v140.windesktop.msvcstl.static.rt-dyn.1.8.1.7\build\native\include\gtest\internal\custom">
      <UniqueIdentifier>{5C6FBDA9-4879-4CC7-3112-E71C1DBB5044}</UniqueIdentifier>
    </Filter>
    <Filter Include="packages\Microsoft.googletest.v140.windesktop.msvcstl.static.rt-static.1.8.1.7">
      <UniqueIdentifier>{452DF894-315B-6588-1AB7-004E06845DE7}</UniqueIdentifier>
    </Filter>
    <Filter Include="packages\Microsoft.googletest.v140.windesktop.msvcstl.static.rt-static.1.8.1.7\build">
      <UniqueIdentifier>{4419EA9F-3008-75A4-D9EE-A9F5C5BC1F83}</UniqueIdentifier>
    </Filter>
    <Filter Include="packages\Microsoft.googletest.v140.windesktop.msvcstl.static.rt-static.1.8.1.7\build\native">
      <UniqueIdentifier>{7AD495AD-E641-79F3-6FF0-E47EDB5CE23A}</UniqueIdentifier>
    </Filter>
    <Filter Include="packages\Microsoft.googletest.v140.windesktop.msvcstl.static.rt-static.1.8.1.7\build\native\include">
      <UniqueIdentifier>{EDD504FE-59EF-8497-E216-57494E2F8056}</UniqueIdentifier>
    </Filter>
    <Filter Include="packages\Microsoft.googletest.v140.windesktop.msvcstl.static.rt-static.1.8.1.7\build\native\include\gtest">
      <UniqueIdentifier>{037E665E-6FF8-6601-B8E2-E499249C1111}</UniqueIdentifier>
    </Filter>
    <Filter Include="packages\Microsoft.googletest.v140.windesktop.msvcstl.static.rt-static.1.8.1.7\build\native\include\gtest\internal">
      <UniqueIdentifier>{AF930DA4-9B87-AC64-0414-75A9F0267749}</UniqueIdentifier>
    </Filter>
    <Filter Include="packages\Microsoft.googletest.v140.windesktop.msvcstl.static.rt-static.1.8.1.7\build\native\include\gtest\internal\custom">
      <UniqueIdentifier>{39D51053-A5A7-B0BF-EE03-E4BA5A154E72}</UniqueIdentifier>
    </Filter>
    <Filter Include="stb_image">
      <UniqueIdentifier>{3096E6B0-9C00-9B27-E53E-4CCD51E8787C}</UniqueIdentifier>
    </Filter>
  </ItemGroup>
  <ItemGroup>
    <ClInclude Include="App\AppSettings.h">
      <Filter>App</Filter>
    </ClInclude>
    <ClInclude Include="App\DirectSound.h">
      <Filter>App</Filter>
    </ClInclude>
    <ClInclude Include="App\SimpleController.h">
      <Filter>App</Filter>
    </ClInclude>
    <ClInclude Include="App\SimpleSound.h">
      <Filter>App</Filter>
    </ClInclude>
    <ClInclude Include="App\SimpleSprite.h">
      <Filter>App</Filter>
    </ClInclude>
    <ClInclude Include="App\app.h">
      <Filter>App</Filter>
    </ClInclude>
    <ClInclude Include="App\main.h">
      <Filter>App</Filter>
    </ClInclude>
    <ClInclude Include="App\mydirectsound.h">
      <Filter>App</Filter>
    </ClInclude>
    <ClInclude Include="glut\include\GL\freeglut.h">
      <Filter>glut\include\GL</Filter>
    </ClInclude>
    <ClInclude Include="glut\include\GL\freeglut_ext.h">
      <Filter>glut\include\GL</Filter>
    </ClInclude>
    <ClInclude Include="glut\include\GL\freeglut_std.h">
      <Filter>glut\include\GL</Filter>
    </ClInclude>
    <ClInclude Include="glut\include\GL\glut.h">
      <Filter>glut\include\GL</Filter>
    </ClInclude>
    <ClInclude Include="packages\Microsoft.googletest.v140.windesktop.msvcstl.static.rt-dyn.1.8.1.7\build\native\include\gtest\gtest-death-test.h">
      <Filter>packages\Microsoft.googletest.v140.windesktop.msvcstl.static.rt-dyn.1.8.1.7\build\native\include\gtest</Filter>
    </ClInclude>
    <ClInclude Include="packages\Microsoft.googletest.v140.windesktop.msvcstl.static.rt-dyn.1.8.1.7\build\native\include\gtest\gtest-message.h">
      <Filter>packages\Microsoft.googletest.v140.windesktop.msvcstl.static.rt-dyn.1.8.1.7\build\native\include\gtest</Filter>
    </ClInclude>
    <ClInclude Include="packages\Microsoft.googletest.v140.windesktop.msvcstl.static.rt-dyn.1.8.1.7\build\native\include\gtest\gtest-param-test.h">
      <Filter>packages\Microsoft.googletest.v140.windesktop.msvcstl.static.rt-dyn.1.8.1.7\build\native\include\gtest</Filter>
    </ClInclude>
    <ClInclude Include="packages\Microsoft.googletest.v140.windesktop.msvcstl.static.rt-dyn.1.8.1.7\build\native\include\gtest\gtest-printers.h">
      <Filter>packages\Microsoft.googletest.v140.windesktop.msvcstl.static.rt-dyn.1.8.1.7\build\native\include\gtest</Filter>
    </ClInclude>
    <ClInclude Include="packages\Microsoft.googletest.v140.windesktop.msvcstl.static.rt-dyn.1.8.1.7\build\native\include\gtest\gtest-spi.h">
      <Filter>packages\Microsoft.googletest.v140.windesktop.msvcstl.static.rt-dyn.1.8.1.7\build\native\include\gtest</Filter>
    </ClInclude>
    <ClInclude Include="packages\Microsoft.googletest.v140.windesktop.msvcstl.static.rt-dyn.1.8.1.7\build\native\include\gtest\gtest-test-part.h">
      <Filter>packages\Microsoft.googletest.v140.windesktop.msvcstl.static.rt-dyn.1.8.1.7\build\native\include\gtest</Filter>
    </ClInclude>
    <ClInclude Include="packages\Microsoft.googletest.v140.windesktop.msvcstl.static.rt-dyn.1.8.1.7\build\native\include\gtest\gtest-typed-test.h">
      <Filter>packages\Microsoft.googletest.v140.windesktop.msvcstl.static.rt-dyn.1.8.1.7\build\native\include\gtest</Filter>
    </ClInclude>
    <ClInclude Include="packages\Microsoft.googletest.v140.windesktop.msvcstl.static.rt-dyn.1.8.1.7\build\native\include\gtest\gtest.h">
      <Filter>packages\Microsoft.googletest.v140.windesktop.msvcstl.static.rt-dyn.1.8.1.7\build\native\include\gtest</Filter>
    </ClInclude>
    <ClInclude Include="packages\Microsoft.googletest.v140.windesktop.msvcstl.static.rt-dyn.1.8.1.7\build\native\include\gtest\gtest_pred_impl.h">
      <Filter>packages\Microsoft.googletest.v140.windesktop.msvcstl.static.rt-dyn.1.8.1.7\build\native\include\gtest</Filter>
    </ClInclude>
    <ClInclude Include="packages\Microsoft.googletest.v140.windesktop.msvcstl.static.rt-dyn.1.8.1.7\build\native\include\gtest\gtest_prod.h">
      <Filter>packages\Microsoft.googletest.v140.windesktop.msvcstl.static.rt-dyn.1.8.1.7\build\native\include\gtest</Filter>
    </ClInclude>
    <ClInclude Include="packages\Microsoft.googletest.v140.windesktop.msvcstl.static.rt-dyn.1.8.1.7\build\native\include\gtest\internal\custom\gtest-port.h">
      <Filter>packages\Microsoft.googletest.v140.windesktop.msvcstl.static.rt-dyn.1.8.1.7\build\native\include\gtest\internal\custom</Filter>
    </ClInclude>
    <ClInclude Include="packages\Microsoft.googletest.v140.windesktop.msvcstl.static.rt-dyn.1.8.1.7\build\native\include\gtest\internal\custom\gtest-printers.h">
      <Filter>packages\Microsoft.googletest.v140.windesktop.msvcstl.static.rt-dyn.1.8.1.7\build\native\include\gtest\internal\custom</Filter>
    </ClInclude>
    <ClInclude Include="packages\Microsoft.googletest.v140.windesktop.msvcstl.static.rt-dyn.1.8.1.7\build\native\include\gtest\internal\custom\gtest.h">
      <Filter>packages\Microsoft.googletest.v140.windesktop.msvcstl.static.rt-dyn.1.8.1.7\build\native\include\gtest\internal\custom</Filter>
    </ClInclude>
    <ClInclude Include="packages\Microsoft.googletest.v140.windesktop.msvcstl.static.rt-dyn.1.8.1.7\build\native\include\gtest\internal\gtest-death-test-internal.h">
      <Filter>packages\Microsoft.googletest.v140.windesktop.msvcstl.static.rt-dyn.1.8.1.7\build\native\include\gtest\internal</Filter>
    </ClInclude>
    <ClInclude Include="packages\Microsoft.googletest.v140.windesktop.msvcstl.static.rt-dyn.1.8.1.7\build\native\include\gtest\internal\gtest-filepath.h">
      <Filter>packages\Microsoft.googletest.v140.windesktop.msvcstl.static.rt-dyn.1.8.1.7\build\native\include\gtest\internal</Filter>
    </ClInclude>
    <ClInclude Include="packages\Microsoft.googletest.v140.windesktop.msvcstl.static.rt-dyn.1.8.1.7\build\native\include\gtest\internal\gtest-internal.h">
      <Filter>packages\Microsoft.googletest.v140.windesktop.msvcstl.static.rt-dyn.1.8.1.7\build\native\include\gtest\internal</Filter>
    </ClInclude>
    <ClInclude Include="packages\Microsoft.googletest.v140.windesktop.msvcstl.static.rt-dyn.1.8.1.7\build\native\include\gtest\internal\gtest-linked_ptr.h">
      <Filter>packages\Microsoft.googletest.v140.windesktop.msvcstl.static.rt-dyn.1.8.1.7\build\native\include\gtest\internal</Filter>
    </ClInclude>
    <ClInclude Include="packages\Microsoft.googletest.v140.windesktop.msvcstl.static.rt-dyn.1.8.1.7\build\native\include\gtest\internal\gtest-param-util-generated.h">
      <Filter>packages\Microsoft.googletest.v140.windesktop.msvcstl.static.rt-dyn.1.8.1.7\build\native\include\gtest\internal</Filter>
    </ClInclude>
    <ClInclude Include="packages\Microsoft.googletest.v140.windesktop.msvcstl.static.rt-dyn.1.8.1.7\build\native\include\gtest\internal\gtest-param-util.h">
      <Filter>packages\Microsoft.googletest.v140.windesktop.msvcstl.static.rt-dyn.1.8.1.7\build\native\include\gtest\internal</Filter>
    </ClInclude>
    <ClInclude Include="packages\Microsoft.googletest.v140.windesktop.msvcstl.static.rt-dyn.1.8.1.7\build\native\include\gtest\internal\gtest-port-arch.h">
      <Filter>packages\Microsoft.googletest.v140.windesktop.msvcstl.static.rt-dyn.1.8.1.7\build\native\include\gtest\internal</Filter>
    </ClInclude>
    <ClInclude Include="packages\Microsoft.googletest.v140.windesktop.msvcstl.static.rt-dyn.1.8.1.7\build\native\include\gtest\internal\gtest-port.h">
      <Filter>packages\Microsoft.googletest.v140.windesktop.msvcstl.static.rt-dyn.1.8.1.7\build\native\include\gtest\internal</Filter>
    </ClInclude>
    <ClInclude Include="packages\Microsoft.googletest.v140.windesktop.msvcstl.static.rt-dyn.1.8.1.7\build\native\include\gtest\internal\gtest-string.h">
      <Filter>packages\Microsoft.googletest.v140.windesktop.msvcstl.static.rt-dyn.1.8.1.7\build\native\include\gtest\internal</Filter>
    </ClInclude>
    <ClInclude Include="packages\Microsoft.googletest.v140.windesktop.msvcstl.static.rt-dyn.1.8.1.7\build\native\include\gtest\internal\gtest-tuple.h">
      <Filter>packages\Microsoft.googletest.v140.windesktop.msvcstl.static.rt-dyn.1.8.1.7\build\native\include\gtest\internal</Filter>
    </ClInclude>
    <ClInclude Include="packages\Microsoft.googletest.v140.windesktop.msvcstl.static.rt-dyn.1.8.1.7\build\native\include\gtest\internal\gtest-type-util.h">
      <Filter>packages\Microsoft.googletest.v140.windesktop.msvcstl.static.rt-dyn.1.8.1.7\build\native\include\gtest\internal</Filter>
    </ClInclude>
    <ClInclude Include="packages\Microsoft.googletest.v140.windesktop.msvcstl.static.rt-static.1.8.1.7\build\native\include\gtest\gtest-death-test.h">
      <Filter>packages\Microsoft.googletest.v140.windesktop.msvcstl.static.rt-static.1.8.1.7\build\native\include\gtest</Filter>
    </ClInclude>
    <ClInclude Include="packages\Microsoft.googletest.v140.windesktop.msvcstl.static.rt-static.1.8.1.7\build\native\include\gtest\gtest-message.h">
      <Filter>packages\Microsoft.googletest.v140.windesktop.msvcstl.static.rt-static.1.8.1.7\build\native\include\gtest</Filter>
    </ClInclude>
    <ClInclude Include="packages\Microsoft.googletest.v140.windesktop.msvcstl.static.rt-static.1.8.1.7\build\native\include\gtest\gtest-param-test.h">
      <Filter>packages\Microsoft.googletest.v140.windesktop.msvcstl.static.rt-static.1.8.1.7\build\native\include\gtest</Filter>
    </ClInclude>
    <ClInclude Include="packages\Microsoft.googletest.v140.windesktop.msvcstl.static.rt-static.1.8.1.7\build\native\include\gtest\gtest-printers.h">
      <Filter>packages\Microsoft.googletest.v140.windesktop.msvcstl.static.rt-static.1.8.1.7\build\native\include\gtest</Filter>
    </ClInclude>
    <ClInclude Include="packages\Microsoft.googletest.v140.windesktop.msvcstl.static.rt-static.1.8.1.7\build\native\include\gtest\gtest-spi.h">
      <Filter>packages\Microsoft.googletest.v140.windesktop.msvcstl.static.rt-static.1.8.1.7\build\native\include\gtest</Filter>
    </ClInclude>
    <ClInclude Include="packages\Microsoft.googletest.v140.windesktop.msvcstl.static.rt-static.1.8.1.7\build\native\include\gtest\gtest-test-part.h">
      <Filter>packages\Microsoft.googletest.v140.windesktop.msvcstl.static.rt-static.1.8.1.7\build\native\include\gtest</Filter>
    </ClInclude>
    <ClInclude Include="packages\Microsoft.googletest.v140.windesktop.msvcstl.static.rt-static.1.8.1.7\build\native\include\gtest\gtest-typed-test.h">
      <Filter>packages\Microsoft.googletest.v140.windesktop.msvcstl.static.rt-static.1.8.1.7\build\native\include\gtest</Filter>
    </ClInclude>
    <ClInclude Include="packages\Microsoft.googletest.v140.windesktop.msvcstl.static.rt-static.1.8.1.7\build\native\include\gtest\gtest.h">
      <Filter>packages\Microsoft.googletest.v140.windesktop.msvcstl.static.rt-static.1.8.1.7\build\native\include\gtest</Filter>
    </ClInclude>
    <ClInclude Include="packages\Microsoft.googletest.v140.windesktop.msvcstl.static.rt-static.1.8.1.7\build\native\include\gtest\gtest_pred_impl.h">
      <Filter>packages\Microsoft.googletest.v140.windesktop.msvcstl.static.rt-static.1.8.1.7\build\native\include\gtest</Filter>
    </ClInclude>
    <ClInclude Include="packages\Microsoft.googletest.v140.windesktop.msvcstl.static.rt-static.1.8.1.7\build\native\include\gtest\gtest_prod.h">
      <Filter>packages\Microsoft.googletest.v140.windesktop.msvcstl.static.rt-static.1.8.1.7\build\native\include\gtest</Filter>
    </ClInclude>
    <ClInclude Include="packages\Microsoft.googletest.v140.windesktop.msvcstl.static.rt-static.1.8.1.7\build\native\include\gtest\internal\custom\gtest-port.h">
      <Filter>packages\Microsoft.googletest.v140.windesktop.msvcstl.static.rt-static.1.8.1.7\build\native\include\gtest\internal\custom</Filter>
    </ClInclude>
    <ClInclude Include="packages\Microsoft.googletest.v140.windesktop.msvcstl.static.rt-static.1.8.1.7\build\native\include\gtest\internal\custom\gtest-printers.h">
      <Filter>packages\Microsoft.googletest.v140.windesktop.msvcstl.static.rt-static.1.8.1.7\build\native\include\gtest\internal\custom</Filter>
    </ClInclude>
    <ClInclude Include="packages\Microsoft.googletest.v140.windesktop.msvcstl.static.rt-static.1.8.1.7\build\native\include\gtest\internal\custom\gtest.h">
      <Filter>packages\Microsoft.googletest.v140.windesktop.msvcstl.static.rt-static.1.8.1.7\build\native\include\gtest\internal\custom</Filter>
    </ClInclude>
    <ClInclude Include="packages\Microsoft.googletest.v140.windesktop.msvcstl.static.rt-static.1.8.1.7\build\native\include\gtest\internal\gtest-death-test-internal.h">
      <Filter>packages\Microsoft.googletest.v140.windesktop.msvcstl.static.rt-static.1.8.1.7\build\native\include\gtest\internal</Filter>
    </ClInclude>
    <ClInclude Include="packages\Microsoft.googletest.v140.windesktop.msvcstl.static.rt-static.1.8.1.7\build\native\include\gtest\internal\gtest-filepath.h">
      <Filter>packages\Microsoft.googletest.v140.windesktop.msvcstl.static.rt-static.1.8.1.7\build\native\include\gtest\internal</Filter>
    </ClInclude>
    <ClInclude Include="packages\Microsoft.googletest.v140.windesktop.msvcstl.static.rt-static.1.8.1.7\build\native\include\gtest\internal\gtest-internal.h">
      <Filter>packages\Microsoft.googletest.v140.windesktop.msvcstl.static.rt-static.1.8.1.7\build\native\include\gtest\internal</Filter>
    </ClInclude>
    <ClInclude Include="packages\Microsoft.googletest.v140.windesktop.msvcstl.static.rt-static.1.8.1.7\build\native\include\gtest\internal\gtest-linked_ptr.h">
      <Filter>packages\Microsoft.googletest.v140.windesktop.msvcstl.static.rt-static.1.8.1.7\build\native\include\gtest\internal</Filter>
    </ClInclude>
    <ClInclude Include="packages\Microsoft.googletest.v140.windesktop.msvcstl.static.rt-static.1.8.1.7\build\native\include\gtest\internal\gtest-param-util-generated.h">
      <Filter>packages\Microsoft.googletest.v140.windesktop.msvcstl.static.rt-static.1.8.1.7\build\native\include\gtest\internal</Filter>
    </ClInclude>
    <ClInclude Include="packages\Microsoft.googletest.v140.windesktop.msvcstl.static.rt-static.1.8.1.7\build\native\include\gtest\internal\gtest-param-util.h">
      <Filter>packages\Microsoft.googletest.v140.windesktop.msvcstl.static.rt-static.1.8.1.7\build\native\include\gtest\internal</Filter>
    </ClInclude>
    <ClInclude Include="packages\Microsoft.googletest.v140.windesktop.msvcstl.static.rt-static.1.8.1.7\build\native\include\gtest\internal\gtest-port-arch.h">
      <Filter>packages\Microsoft.googletest.v140.windesktop.msvcstl.static.rt-static.1.8.1.7\build\native\include\gtest\internal</Filter>
    </ClInclude>
    <ClInclude Include="packages\Microsoft.googletest.v140.windesktop.msvcstl.static.rt-static.1.8.1.7\build\native\include\gtest\internal\gtest-port.h">
      <Filter>packages\Microsoft.googletest.v140.windesktop.msvcstl.static.rt-static.1.8.1.7\build\native\include\gtest\internal</Filter>
    </ClInclude>
    <ClInclude Include="packages\Microsoft.googletest.v140.windesktop.msvcstl.static.rt-static.1.8.1.7\build\native\include\gtest\internal\gtest-string.h">
      <Filter>packages\Microsoft.googletest.v140.windesktop.msvcstl.static.rt-static.1.8.1.7\build\native\include\gtest\internal</Filter>
    </ClInclude>
    <ClInclude Include="packages\Microsoft.googletest.v140.windesktop.msvcstl.static.rt-static.1.8.1.7\build\native\include\gtest\internal\gtest-tuple.h">
      <Filter>packages\Microsoft.googletest.v140.windesktop.msvcstl.static.rt-static.1.8.1.7\build\native\include\gtest\internal</Filter>
    </ClInclude>
    <ClInclude Include="packages\Microsoft.googletest.v140.windesktop.msvcstl.static.rt-static.1.8.1.7\build\native\include\gtest\internal\gtest-type-util.h">
      <Filter>packages\Microsoft.googletest.v140.windesktop.msvcstl.static.rt-static.1.8.1.7\build\native\include\gtest\internal</Filter>
    </ClInclude>
    <ClInclude Include="stb_image\stb_image.h">
      <Filter>stb_image</Filter>
    </ClInclude>
    <ClInclude Include="stdafx.h" />
    <ClInclude Include="targetver.h" />
  </ItemGroup>
  <ItemGroup>
    <ClCompile Include="App\DirectSound.cpp">
      <Filter>App</Filter>
    </ClCompile>
    <ClCompile Include="App\SimpleController.cpp">
      <Filter>App</Filter>
    </ClCompile>
    <ClCompile Include="App\SimpleSound.cpp">
      <Filter>App</Filter>
    </ClCompile>
    <ClCompile Include="App\SimpleSprite.cpp">
      <Filter>App</Filter>
    </ClCompile>
    <ClCompile Include="App\app.cpp">
      <Filter>App</Filter>
    </ClCompile>
    <ClCompile Include="App\main.cpp">
      <Filter>App</Filter>
    </ClCompile>
    <ClCompile Include="stb_image\stb_image.cpp">
      <Filter>stb_image</Filter>
    </ClCompile>
    <ClCompile Include="stdafx.cpp" />
  </ItemGroup>
</Project>